
Microsoft Visual Studio Solution File, Format Version 12.00
# Visual Studio Version 16
VisualStudioVersion = 16.0.31129.286
MinimumVisualStudioVersion = 10.0.40219.1
Project("{FAE04EC0-301F-11D3-BF4B-00C04F79EFBC}") = "01-AspNetMVCNullProject", "01-AspNetMVCNullProject\01-AspNetMVCNullProject.csproj", "{49C49F51-979B-4A5A-8318-1F85C76B7B71}"
EndProject
Project("{FAE04EC0-301F-11D3-BF4B-00C04F79EFBC}") = "02-ASPNetMVCIntro", "02-ASPNetMVCIntro\02-ASPNetMVCIntro.csproj", "{353A16CD-7335-406B-9C47-D64094DE518F}"
EndProject
Project("{FAE04EC0-301F-11D3-BF4B-00C04F79EFBC}") = "03-AspNetMVCIntro", "03-AspNetMVCIntro\03-AspNetMVCIntro.csproj", "{D2EF24B0-FDCD-4C5B-A0DF-AE3A36C837FF}"
EndProject
Project("{FAE04EC0-301F-11D3-BF4B-00C04F79EFBC}") = "04-RazorViewEngine", "04-RazorViewEngine\04-RazorViewEngine.csproj", "{95065C02-F5FC-469E-AA82-137A7AF8A379}"
EndProject
Project("{FAE04EC0-301F-11D3-BF4B-00C04F79EFBC}") = "05-HtmlHelpers", "05-HtmlHelpers\05-HtmlHelpers.csproj", "{1EFC67B9-EF9E-4755-9FEF-625B626A8428}"
EndProject
Project("{FAE04EC0-301F-11D3-BF4B-00C04F79EFBC}") = "06-DataTransfer", "06-DataTransfer\06-DataTransfer.csproj", "{48E6388B-8EC9-4A8C-93B4-9F266DBFC627}"
EndProject
Project("{FAE04EC0-301F-11D3-BF4B-00C04F79EFBC}") = "07-DataTransferLogin", "07-DataTransferLogin\07-DataTransferLogin.csproj", "{9AE48840-3225-4DE3-A668-3D4170ACB820}"
EndProject
Project("{FAE04EC0-301F-11D3-BF4B-00C04F79EFBC}") = "08-ModelBinding", "08-ModelBinding\08-ModelBinding.csproj", "{B20A7522-04F6-4855-81D3-CF2DCDBAD781}"
EndProject
Project("{FAE04EC0-301F-11D3-BF4B-00C04F79EFBC}") = "09-Crud", "09-Crud\09-Crud.csproj", "{CFAA3D0B-5030-4A62-8700-4E5F3DD59BFE}"
EndProject
Project("{FAE04EC0-301F-11D3-BF4B-00C04F79EFBC}") = "10-Layout", "10-Layout\10-Layout.csproj", "{F379C5F8-225A-4522-A694-0C9F26349399}"
EndProject
Project("{FAE04EC0-301F-11D3-BF4B-00C04F79EFBC}") = "11-PartialView", "11-PartialView\11-PartialView.csproj", "{885B8EEE-90F1-43A3-8DB9-44E5510646C8}"
EndProject
Project("{FAE04EC0-301F-11D3-BF4B-00C04F79EFBC}") = "12-PartialView", "12-PartialView\12-PartialView.csproj", "{FD6962A2-D0F2-47C3-A50A-57B627C13C58}"
EndProject
Project("{FAE04EC0-301F-11D3-BF4B-00C04F79EFBC}") = "13-Section", "13-Section\13-Section.csproj", "{4A9D3FD2-0BBE-4C10-B1A9-CCD4AAADCFDB}"
EndProject
Project("{FAE04EC0-301F-11D3-BF4B-00C04F79EFBC}") = "14-SectionScript", "14-SectionScript\14-SectionScript.csproj", "{A36E7BF0-7F75-40A3-A389-2852AFD5C58F}"
EndProject
Project("{FAE04EC0-301F-11D3-BF4B-00C04F79EFBC}") = "15-RouteConfig", "15-RouteConfig\15-RouteConfig.csproj", "{70324E0E-704E-42EA-BCBD-FB264FFC0DFE}"
EndProject
Project("{FAE04EC0-301F-11D3-BF4B-00C04F79EFBC}") = "16-RouteConfig", "16-RouteConfig\16-RouteConfig.csproj", "{4B5EC846-1CAD-4D3B-AD35-35BD4DE128DD}"
EndProject
Project("{FAE04EC0-301F-11D3-BF4B-00C04F79EFBC}") = "17-RouteConfig", "17-RouteConfig\17-RouteConfig.csproj", "{E021A6D5-0E38-4430-A245-9E6D9D03378D}"
EndProject
Project("{FAE04EC0-301F-11D3-BF4B-00C04F79EFBC}") = "18-QueryString", "18-QueryString\18-QueryString.csproj", "{82089525-9AC4-4E81-A479-B2CFC52AA1FD}"
EndProject
Project("{FAE04EC0-301F-11D3-BF4B-00C04F79EFBC}") = "19-QueryString", "19-QueryString\19-QueryString.csproj", "{5CDF275A-9C9B-4651-9493-818113C5676F}"
EndProject
Project("{FAE04EC0-301F-11D3-BF4B-00C04F79EFBC}") = "20-Cookie", "20-Cookie\20-Cookie.csproj", "{780B9130-5DA3-4BE0-AE09-777D4BCAE21A}"
EndProject
Project("{FAE04EC0-301F-11D3-BF4B-00C04F79EFBC}") = "21-Application", "21-Application\21-Application.csproj", "{55B3F1E7-2FB2-4B3E-8461-566C0D1CA6E3}"
EndProject
Project("{FAE04EC0-301F-11D3-BF4B-00C04F79EFBC}") = "22-Ajax", "22-Ajax\22-Ajax.csproj", "{8EE5C221-99B2-4595-A7F6-ABFE35040E43}"
EndProject
Project("{FAE04EC0-301F-11D3-BF4B-00C04F79EFBC}") = "23-Ajax", "23-Ajax\23-Ajax.csproj", "{D00BF8AA-506E-4066-A704-A1CA4DE1A39C}"
EndProject
Project("{FAE04EC0-301F-11D3-BF4B-00C04F79EFBC}") = "24-Ajax", "24-Ajax\24-Ajax.csproj", "{C08FB752-3506-4BB1-81C8-4532A6AACE22}"
EndProject
Project("{FAE04EC0-301F-11D3-BF4B-00C04F79EFBC}") = "25-PartialView", "25-PartialView\25-PartialView.csproj", "{9A7FBE2E-75EE-4316-9188-1E0AFCA156F9}"
EndProject
Global
	GlobalSection(SolutionConfigurationPlatforms) = preSolution
		Debug|Any CPU = Debug|Any CPU
		Release|Any CPU = Release|Any CPU
	EndGlobalSection
	GlobalSection(ProjectConfigurationPlatforms) = postSolution
		{49C49F51-979B-4A5A-8318-1F85C76B7B71}.Debug|Any CPU.ActiveCfg = Debug|Any CPU
		{49C49F51-979B-4A5A-8318-1F85C76B7B71}.Debug|Any CPU.Build.0 = Debug|Any CPU
		{49C49F51-979B-4A5A-8318-1F85C76B7B71}.Release|Any CPU.ActiveCfg = Release|Any CPU
		{49C49F51-979B-4A5A-8318-1F85C76B7B71}.Release|Any CPU.Build.0 = Release|Any CPU
		{353A16CD-7335-406B-9C47-D64094DE518F}.Debug|Any CPU.ActiveCfg = Debug|Any CPU
		{353A16CD-7335-406B-9C47-D64094DE518F}.Debug|Any CPU.Build.0 = Debug|Any CPU
		{353A16CD-7335-406B-9C47-D64094DE518F}.Release|Any CPU.ActiveCfg = Release|Any CPU
		{353A16CD-7335-406B-9C47-D64094DE518F}.Release|Any CPU.Build.0 = Release|Any CPU
		{D2EF24B0-FDCD-4C5B-A0DF-AE3A36C837FF}.Debug|Any CPU.ActiveCfg = Debug|Any CPU
		{D2EF24B0-FDCD-4C5B-A0DF-AE3A36C837FF}.Debug|Any CPU.Build.0 = Debug|Any CPU
		{D2EF24B0-FDCD-4C5B-A0DF-AE3A36C837FF}.Release|Any CPU.ActiveCfg = Release|Any CPU
		{D2EF24B0-FDCD-4C5B-A0DF-AE3A36C837FF}.Release|Any CPU.Build.0 = Release|Any CPU
		{95065C02-F5FC-469E-AA82-137A7AF8A379}.Debug|Any CPU.ActiveCfg = Debug|Any CPU
		{95065C02-F5FC-469E-AA82-137A7AF8A379}.Debug|Any CPU.Build.0 = Debug|Any CPU
		{95065C02-F5FC-469E-AA82-137A7AF8A379}.Release|Any CPU.ActiveCfg = Release|Any CPU
		{95065C02-F5FC-469E-AA82-137A7AF8A379}.Release|Any CPU.Build.0 = Release|Any CPU
		{1EFC67B9-EF9E-4755-9FEF-625B626A8428}.Debug|Any CPU.ActiveCfg = Debug|Any CPU
		{1EFC67B9-EF9E-4755-9FEF-625B626A8428}.Debug|Any CPU.Build.0 = Debug|Any CPU
		{1EFC67B9-EF9E-4755-9FEF-625B626A8428}.Release|Any CPU.ActiveCfg = Release|Any CPU
		{1EFC67B9-EF9E-4755-9FEF-625B626A8428}.Release|Any CPU.Build.0 = Release|Any CPU
		{48E6388B-8EC9-4A8C-93B4-9F266DBFC627}.Debug|Any CPU.ActiveCfg = Debug|Any CPU
		{48E6388B-8EC9-4A8C-93B4-9F266DBFC627}.Debug|Any CPU.Build.0 = Debug|Any CPU
		{48E6388B-8EC9-4A8C-93B4-9F266DBFC627}.Release|Any CPU.ActiveCfg = Release|Any CPU
		{48E6388B-8EC9-4A8C-93B4-9F266DBFC627}.Release|Any CPU.Build.0 = Release|Any CPU
		{9AE48840-3225-4DE3-A668-3D4170ACB820}.Debug|Any CPU.ActiveCfg = Debug|Any CPU
		{9AE48840-3225-4DE3-A668-3D4170ACB820}.Debug|Any CPU.Build.0 = Debug|Any CPU
		{9AE48840-3225-4DE3-A668-3D4170ACB820}.Release|Any CPU.ActiveCfg = Release|Any CPU
		{9AE48840-3225-4DE3-A668-3D4170ACB820}.Release|Any CPU.Build.0 = Release|Any CPU
		{B20A7522-04F6-4855-81D3-CF2DCDBAD781}.Debug|Any CPU.ActiveCfg = Debug|Any CPU
		{B20A7522-04F6-4855-81D3-CF2DCDBAD781}.Debug|Any CPU.Build.0 = Debug|Any CPU
		{B20A7522-04F6-4855-81D3-CF2DCDBAD781}.Release|Any CPU.ActiveCfg = Release|Any CPU
		{B20A7522-04F6-4855-81D3-CF2DCDBAD781}.Release|Any CPU.Build.0 = Release|Any CPU
		{CFAA3D0B-5030-4A62-8700-4E5F3DD59BFE}.Debug|Any CPU.ActiveCfg = Debug|Any CPU
		{CFAA3D0B-5030-4A62-8700-4E5F3DD59BFE}.Debug|Any CPU.Build.0 = Debug|Any CPU
		{CFAA3D0B-5030-4A62-8700-4E5F3DD59BFE}.Release|Any CPU.ActiveCfg = Release|Any CPU
		{CFAA3D0B-5030-4A62-8700-4E5F3DD59BFE}.Release|Any CPU.Build.0 = Release|Any CPU
		{F379C5F8-225A-4522-A694-0C9F26349399}.Debug|Any CPU.ActiveCfg = Debug|Any CPU
		{F379C5F8-225A-4522-A694-0C9F26349399}.Debug|Any CPU.Build.0 = Debug|Any CPU
		{F379C5F8-225A-4522-A694-0C9F26349399}.Release|Any CPU.ActiveCfg = Release|Any CPU
		{F379C5F8-225A-4522-A694-0C9F26349399}.Release|Any CPU.Build.0 = Release|Any CPU
		{885B8EEE-90F1-43A3-8DB9-44E5510646C8}.Debug|Any CPU.ActiveCfg = Debug|Any CPU
		{885B8EEE-90F1-43A3-8DB9-44E5510646C8}.Debug|Any CPU.Build.0 = Debug|Any CPU
		{885B8EEE-90F1-43A3-8DB9-44E5510646C8}.Release|Any CPU.ActiveCfg = Release|Any CPU
		{885B8EEE-90F1-43A3-8DB9-44E5510646C8}.Release|Any CPU.Build.0 = Release|Any CPU
		{FD6962A2-D0F2-47C3-A50A-57B627C13C58}.Debug|Any CPU.ActiveCfg = Debug|Any CPU
		{FD6962A2-D0F2-47C3-A50A-57B627C13C58}.Debug|Any CPU.Build.0 = Debug|Any CPU
		{FD6962A2-D0F2-47C3-A50A-57B627C13C58}.Release|Any CPU.ActiveCfg = Release|Any CPU
		{FD6962A2-D0F2-47C3-A50A-57B627C13C58}.Release|Any CPU.Build.0 = Release|Any CPU
		{4A9D3FD2-0BBE-4C10-B1A9-CCD4AAADCFDB}.Debug|Any CPU.ActiveCfg = Debug|Any CPU
		{4A9D3FD2-0BBE-4C10-B1A9-CCD4AAADCFDB}.Debug|Any CPU.Build.0 = Debug|Any CPU
		{4A9D3FD2-0BBE-4C10-B1A9-CCD4AAADCFDB}.Release|Any CPU.ActiveCfg = Release|Any CPU
		{4A9D3FD2-0BBE-4C10-B1A9-CCD4AAADCFDB}.Release|Any CPU.Build.0 = Release|Any CPU
		{A36E7BF0-7F75-40A3-A389-2852AFD5C58F}.Debug|Any CPU.ActiveCfg = Debug|Any CPU
		{A36E7BF0-7F75-40A3-A389-2852AFD5C58F}.Debug|Any CPU.Build.0 = Debug|Any CPU
		{A36E7BF0-7F75-40A3-A389-2852AFD5C58F}.Release|Any CPU.ActiveCfg = Release|Any CPU
		{A36E7BF0-7F75-40A3-A389-2852AFD5C58F}.Release|Any CPU.Build.0 = Release|Any CPU
		{70324E0E-704E-42EA-BCBD-FB264FFC0DFE}.Debug|Any CPU.ActiveCfg = Debug|Any CPU
		{70324E0E-704E-42EA-BCBD-FB264FFC0DFE}.Debug|Any CPU.Build.0 = Debug|Any CPU
		{70324E0E-704E-42EA-BCBD-FB264FFC0DFE}.Release|Any CPU.ActiveCfg = Release|Any CPU
		{70324E0E-704E-42EA-BCBD-FB264FFC0DFE}.Release|Any CPU.Build.0 = Release|Any CPU
		{4B5EC846-1CAD-4D3B-AD35-35BD4DE128DD}.Debug|Any CPU.ActiveCfg = Debug|Any CPU
		{4B5EC846-1CAD-4D3B-AD35-35BD4DE128DD}.Debug|Any CPU.Build.0 = Debug|Any CPU
		{4B5EC846-1CAD-4D3B-AD35-35BD4DE128DD}.Release|Any CPU.ActiveCfg = Release|Any CPU
		{4B5EC846-1CAD-4D3B-AD35-35BD4DE128DD}.Release|Any CPU.Build.0 = Release|Any CPU
		{E021A6D5-0E38-4430-A245-9E6D9D03378D}.Debug|Any CPU.ActiveCfg = Debug|Any CPU
		{E021A6D5-0E38-4430-A245-9E6D9D03378D}.Debug|Any CPU.Build.0 = Debug|Any CPU
		{E021A6D5-0E38-4430-A245-9E6D9D03378D}.Release|Any CPU.ActiveCfg = Release|Any CPU
		{E021A6D5-0E38-4430-A245-9E6D9D03378D}.Release|Any CPU.Build.0 = Release|Any CPU
		{82089525-9AC4-4E81-A479-B2CFC52AA1FD}.Debug|Any CPU.ActiveCfg = Debug|Any CPU
		{82089525-9AC4-4E81-A479-B2CFC52AA1FD}.Debug|Any CPU.Build.0 = Debug|Any CPU
		{82089525-9AC4-4E81-A479-B2CFC52AA1FD}.Release|Any CPU.ActiveCfg = Release|Any CPU
		{82089525-9AC4-4E81-A479-B2CFC52AA1FD}.Release|Any CPU.Build.0 = Release|Any CPU
		{5CDF275A-9C9B-4651-9493-818113C5676F}.Debug|Any CPU.ActiveCfg = Debug|Any CPU
		{5CDF275A-9C9B-4651-9493-818113C5676F}.Debug|Any CPU.Build.0 = Debug|Any CPU
		{5CDF275A-9C9B-4651-9493-818113C5676F}.Release|Any CPU.ActiveCfg = Release|Any CPU
		{5CDF275A-9C9B-4651-9493-818113C5676F}.Release|Any CPU.Build.0 = Release|Any CPU
		{780B9130-5DA3-4BE0-AE09-777D4BCAE21A}.Debug|Any CPU.ActiveCfg = Debug|Any CPU
		{780B9130-5DA3-4BE0-AE09-777D4BCAE21A}.Debug|Any CPU.Build.0 = Debug|Any CPU
		{780B9130-5DA3-4BE0-AE09-777D4BCAE21A}.Release|Any CPU.ActiveCfg = Release|Any CPU
		{780B9130-5DA3-4BE0-AE09-777D4BCAE21A}.Release|Any CPU.Build.0 = Release|Any CPU
		{55B3F1E7-2FB2-4B3E-8461-566C0D1CA6E3}.Debug|Any CPU.ActiveCfg = Debug|Any CPU
		{55B3F1E7-2FB2-4B3E-8461-566C0D1CA6E3}.Debug|Any CPU.Build.0 = Debug|Any CPU
		{55B3F1E7-2FB2-4B3E-8461-566C0D1CA6E3}.Release|Any CPU.ActiveCfg = Release|Any CPU
		{55B3F1E7-2FB2-4B3E-8461-566C0D1CA6E3}.Release|Any CPU.Build.0 = Release|Any CPU
		{8EE5C221-99B2-4595-A7F6-ABFE35040E43}.Debug|Any CPU.ActiveCfg = Debug|Any CPU
		{8EE5C221-99B2-4595-A7F6-ABFE35040E43}.Debug|Any CPU.Build.0 = Debug|Any CPU
		{8EE5C221-99B2-4595-A7F6-ABFE35040E43}.Release|Any CPU.ActiveCfg = Release|Any CPU
		{8EE5C221-99B2-4595-A7F6-ABFE35040E43}.Release|Any CPU.Build.0 = Release|Any CPU
		{D00BF8AA-506E-4066-A704-A1CA4DE1A39C}.Debug|Any CPU.ActiveCfg = Debug|Any CPU
		{D00BF8AA-506E-4066-A704-A1CA4DE1A39C}.Debug|Any CPU.Build.0 = Debug|Any CPU
		{D00BF8AA-506E-4066-A704-A1CA4DE1A39C}.Release|Any CPU.ActiveCfg = Release|Any CPU
		{D00BF8AA-506E-4066-A704-A1CA4DE1A39C}.Release|Any CPU.Build.0 = Release|Any CPU
		{C08FB752-3506-4BB1-81C8-4532A6AACE22}.Debug|Any CPU.ActiveCfg = Debug|Any CPU
		{C08FB752-3506-4BB1-81C8-4532A6AACE22}.Debug|Any CPU.Build.0 = Debug|Any CPU
		{C08FB752-3506-4BB1-81C8-4532A6AACE22}.Release|Any CPU.ActiveCfg = Release|Any CPU
		{C08FB752-3506-4BB1-81C8-4532A6AACE22}.Release|Any CPU.Build.0 = Release|Any CPU
		{9A7FBE2E-75EE-4316-9188-1E0AFCA156F9}.Debug|Any CPU.ActiveCfg = Debug|Any CPU
		{9A7FBE2E-75EE-4316-9188-1E0AFCA156F9}.Debug|Any CPU.Build.0 = Debug|Any CPU
		{9A7FBE2E-75EE-4316-9188-1E0AFCA156F9}.Release|Any CPU.ActiveCfg = Release|Any CPU
		{9A7FBE2E-75EE-4316-9188-1E0AFCA156F9}.Release|Any CPU.Build.0 = Release|Any CPU
	EndGlobalSection
	GlobalSection(SolutionProperties) = preSolution
		HideSolutionNode = FALSE
	EndGlobalSection
	GlobalSection(ExtensibilityGlobals) = postSolution
		SolutionGuid = {70115851-6612-47DA-97B4-9E9B02C565FD}
	EndGlobalSection
EndGlobal
